// !$*UTF8*$!
{
	archiveVersion = 1;
	classes = {
	};
	objectVersion = 55;
	objects = {

/* Begin PBXBuildFile section */
		A3FD5B37287289AC00227D1B /* NoteAppApp.swift in Sources */ = {isa = PBXBuildFile; fileRef = A3FD5B27287289AB00227D1B /* NoteAppApp.swift */; };
		A3FD5B38287289AC00227D1B /* NoteAppApp.swift in Sources */ = {isa = PBXBuildFile; fileRef = A3FD5B27287289AB00227D1B /* NoteAppApp.swift */; };
		A3FD5B39287289AC00227D1B /* ContentView.swift in Sources */ = {isa = PBXBuildFile; fileRef = A3FD5B28287289AB00227D1B /* ContentView.swift */; };
		A3FD5B3A287289AC00227D1B /* ContentView.swift in Sources */ = {isa = PBXBuildFile; fileRef = A3FD5B28287289AB00227D1B /* ContentView.swift */; };
		A3FD5B3B287289AC00227D1B /* Assets.xcassets in Resources */ = {isa = PBXBuildFile; fileRef = A3FD5B29287289AC00227D1B /* Assets.xcassets */; };
		A3FD5B3C287289AC00227D1B /* Assets.xcassets in Resources */ = {isa = PBXBuildFile; fileRef = A3FD5B29287289AC00227D1B /* Assets.xcassets */; };
		A3FD5B47287289E400227D1B /* Home.swift in Sources */ = {isa = PBXBuildFile; fileRef = A3FD5B46287289E400227D1B /* Home.swift */; };
		A3FD5B48287289FB00227D1B /* Home.swift in Sources */ = {isa = PBXBuildFile; fileRef = A3FD5B46287289E400227D1B /* Home.swift */; };
		A3FD5B4B2872932B00227D1B /* Note.swift in Sources */ = {isa = PBXBuildFile; fileRef = A3FD5B4A2872932B00227D1B /* Note.swift */; };
		A3FD5B4C287293FA00227D1B /* Note.swift in Sources */ = {isa = PBXBuildFile; fileRef = A3FD5B4A2872932B00227D1B /* Note.swift */; };
		A3FD5B4E28729EAD00227D1B /* BlurView.swift in Sources */ = {isa = PBXBuildFile; fileRef = A3FD5B4D28729EAD00227D1B /* BlurView.swift */; };
/* End PBXBuildFile section */

/* Begin PBXFileReference section */
		A3FD5B27287289AB00227D1B /* NoteAppApp.swift */ = {isa = PBXFileReference; lastKnownFileType = sourcecode.swift; path = NoteAppApp.swift; sourceTree = "<group>"; };
		A3FD5B28287289AB00227D1B /* ContentView.swift */ = {isa = PBXFileReference; lastKnownFileType = sourcecode.swift; path = ContentView.swift; sourceTree = "<group>"; };
		A3FD5B29287289AC00227D1B /* Assets.xcassets */ = {isa = PBXFileReference; lastKnownFileType = folder.assetcatalog; path = Assets.xcassets; sourceTree = "<group>"; };
		A3FD5B2E287289AC00227D1B /* NoteApp.app */ = {isa = PBXFileReference; explicitFileType = wrapper.application; includeInIndex = 0; path = NoteApp.app; sourceTree = BUILT_PRODUCTS_DIR; };
		A3FD5B34287289AC00227D1B /* NoteApp.app */ = {isa = PBXFileReference; explicitFileType = wrapper.application; includeInIndex = 0; path = NoteApp.app; sourceTree = BUILT_PRODUCTS_DIR; };
		A3FD5B36287289AC00227D1B /* macOS.entitlements */ = {isa = PBXFileReference; lastKnownFileType = text.plist.entitlements; path = macOS.entitlements; sourceTree = "<group>"; };
		A3FD5B46287289E400227D1B /* Home.swift */ = {isa = PBXFileReference; lastKnownFileType = sourcecode.swift; path = Home.swift; sourceTree = "<group>"; };
		A3FD5B4A2872932B00227D1B /* Note.swift */ = {isa = PBXFileReference; lastKnownFileType = sourcecode.swift; path = Note.swift; sourceTree = "<group>"; };
		A3FD5B4D28729EAD00227D1B /* BlurView.swift */ = {isa = PBXFileReference; lastKnownFileType = sourcecode.swift; path = BlurView.swift; sourceTree = "<group>"; };
/* End PBXFileReference section */

/* Begin PBXFrameworksBuildPhase section */
		A3FD5B2B287289AC00227D1B /* Frameworks */ = {
			isa = PBXFrameworksBuildPhase;
			buildActionMask = 2147483647;
			files = (
			);
			runOnlyForDeploymentPostprocessing = 0;
		};
		A3FD5B31287289AC00227D1B /* Frameworks */ = {
			isa = PBXFrameworksBuildPhase;
			buildActionMask = 2147483647;
			files = (
			);
			runOnlyForDeploymentPostprocessing = 0;
		};
/* End PBXFrameworksBuildPhase section */

/* Begin PBXGroup section */
		A3FD5B21287289AB00227D1B = {
			isa = PBXGroup;
			children = (
				A3FD5B26287289AB00227D1B /* Shared */,
				A3FD5B35287289AC00227D1B /* macOS */,
				A3FD5B2F287289AC00227D1B /* Products */,
			);
			sourceTree = "<group>";
		};
		A3FD5B26287289AB00227D1B /* Shared */ = {
			isa = PBXGroup;
			children = (
				A3FD5B492872931D00227D1B /* Model */,
				A3FD5B45287289DD00227D1B /* View */,
				A3FD5B27287289AB00227D1B /* NoteAppApp.swift */,
				A3FD5B28287289AB00227D1B /* ContentView.swift */,
				A3FD5B29287289AC00227D1B /* Assets.xcassets */,
			);
			path = Shared;
			sourceTree = "<group>";
		};
		A3FD5B2F287289AC00227D1B /* Products */ = {
			isa = PBXGroup;
			children = (
				A3FD5B2E287289AC00227D1B /* NoteApp.app */,
				A3FD5B34287289AC00227D1B /* NoteApp.app */,
			);
			name = Products;
			sourceTree = "<group>";
		};
		A3FD5B35287289AC00227D1B /* macOS */ = {
			isa = PBXGroup;
			children = (
				A3FD5B36287289AC00227D1B /* macOS.entitlements */,
			);
			path = macOS;
			sourceTree = "<group>";
		};
		A3FD5B45287289DD00227D1B /* View */ = {
			isa = PBXGroup;
			children = (
				A3FD5B46287289E400227D1B /* Home.swift */,
				A3FD5B4D28729EAD00227D1B /* BlurView.swift */,
			);
			path = View;
			sourceTree = "<group>";
		};
		A3FD5B492872931D00227D1B /* Model */ = {
			isa = PBXGroup;
			children = (
				A3FD5B4A2872932B00227D1B /* Note.swift */,
			);
			path = Model;
			sourceTree = "<group>";
		};
/* End PBXGroup section */

/* Begin PBXNativeTarget section */
		A3FD5B2D287289AC00227D1B /* NoteApp (iOS) */ = {
			isa = PBXNativeTarget;
			buildConfigurationList = A3FD5B3F287289AC00227D1B /* Build configuration list for PBXNativeTarget "NoteApp (iOS)" */;
			buildPhases = (
				A3FD5B2A287289AC00227D1B /* Sources */,
				A3FD5B2B287289AC00227D1B /* Frameworks */,
				A3FD5B2C287289AC00227D1B /* Resources */,
			);
			buildRules = (
			);
			dependencies = (
			);
			name = "NoteApp (iOS)";
			productName = "NoteApp (iOS)";
			productReference = A3FD5B2E287289AC00227D1B /* NoteApp.app */;
			productType = "com.apple.product-type.application";
		};
		A3FD5B33287289AC00227D1B /* NoteApp (macOS) */ = {
			isa = PBXNativeTarget;
			buildConfigurationList = A3FD5B42287289AC00227D1B /* Build configuration list for PBXNativeTarget "NoteApp (macOS)" */;
			buildPhases = (
				A3FD5B30287289AC00227D1B /* Sources */,
				A3FD5B31287289AC00227D1B /* Frameworks */,
				A3FD5B32287289AC00227D1B /* Resources */,
			);
			buildRules = (
			);
			dependencies = (
			);
			name = "NoteApp (macOS)";
			productName = "NoteApp (macOS)";
			productReference = A3FD5B34287289AC00227D1B /* NoteApp.app */;
			productType = "com.apple.product-type.application";
		};
/* End PBXNativeTarget section */

/* Begin PBXProject section */
		A3FD5B22287289AB00227D1B /* Project object */ = {
			isa = PBXProject;
			attributes = {
				BuildIndependentTargetsInParallel = 1;
				LastSwiftUpdateCheck = 1340;
				LastUpgradeCheck = 1340;
				TargetAttributes = {
					A3FD5B2D287289AC00227D1B = {
						CreatedOnToolsVersion = 13.4.1;
					};
					A3FD5B33287289AC00227D1B = {
						CreatedOnToolsVersion = 13.4.1;
					};
				};
			};
			buildConfigurationList = A3FD5B25287289AB00227D1B /* Build configuration list for PBXProject "NoteApp" */;
			compatibilityVersion = "Xcode 13.0";
			developmentRegion = en;
			hasScannedForEncodings = 0;
			knownRegions = (
				en,
				Base,
			);
			mainGroup = A3FD5B21287289AB00227D1B;
			productRefGroup = A3FD5B2F287289AC00227D1B /* Products */;
			projectDirPath = "";
			projectRoot = "";
			targets = (
				A3FD5B2D287289AC00227D1B /* NoteApp (iOS) */,
				A3FD5B33287289AC00227D1B /* NoteApp (macOS) */,
			);
		};
/* End PBXProject section */

/* Begin PBXResourcesBuildPhase section */
		A3FD5B2C287289AC00227D1B /* Resources */ = {
			isa = PBXResourcesBuildPhase;
			buildActionMask = 2147483647;
			files = (
				A3FD5B3B287289AC00227D1B /* Assets.xcassets in Resources */,
			);
			runOnlyForDeploymentPostprocessing = 0;
		};
		A3FD5B32287289AC00227D1B /* Resources */ = {
			isa = PBXResourcesBuildPhase;
			buildActionMask = 2147483647;
			files = (
				A3FD5B3C287289AC00227D1B /* Assets.xcassets in Resources */,
			);
			runOnlyForDeploymentPostprocessing = 0;
		};
/* End PBXResourcesBuildPhase section */

/* Begin PBXSourcesBuildPhase section */
		A3FD5B2A287289AC00227D1B /* Sources */ = {
			isa = PBXSourcesBuildPhase;
			buildActionMask = 2147483647;
			files = (
				A3FD5B39287289AC00227D1B /* ContentView.swift in Sources */,
				A3FD5B47287289E400227D1B /* Home.swift in Sources */,
				A3FD5B4E28729EAD00227D1B /* BlurView.swift in Sources */,
				A3FD5B37287289AC00227D1B /* NoteAppApp.swift in Sources */,
				A3FD5B4B2872932B00227D1B /* Note.swift in Sources */,
			);
			runOnlyForDeploymentPostprocessing = 0;
		};
		A3FD5B30287289AC00227D1B /* Sources */ = {
			isa = PBXSourcesBuildPhase;
			buildActionMask = 2147483647;
			files = (
				A3FD5B3A287289AC00227D1B /* ContentView.swift in Sources */,
				A3FD5B48287289FB00227D1B /* Home.swift in Sources */,
				A3FD5B38287289AC00227D1B /* NoteAppApp.swift in Sources */,
				A3FD5B4C287293FA00227D1B /* Note.swift in Sources */,
			);
			runOnlyForDeploymentPostprocessing = 0;
		};
/* End PBXSourcesBuildPhase section */

/* Begin XCBuildConfiguration section */
		A3FD5B3D287289AC00227D1B /* Debug */ = {
			isa = XCBuildConfiguration;
			buildSettings = {
				ALWAYS_SEARCH_USER_PATHS = NO;
				CLANG_ANALYZER_NONNULL = YES;
				CLANG_ANALYZER_NUMBER_OBJECT_CONVERSION = YES_AGGRESSIVE;
				CLANG_CXX_LANGUAGE_STANDARD = "gnu++17";
				CLANG_ENABLE_MODULES = YES;
				CLANG_ENABLE_OBJC_ARC = YES;
				CLANG_ENABLE_OBJC_WEAK = YES;
				CLANG_WARN_BLOCK_CAPTURE_AUTORELEASING = YES;
				CLANG_WARN_BOOL_CONVERSION = YES;
				CLANG_WARN_COMMA = YES;
				CLANG_WARN_CONSTANT_CONVERSION = YES;
				CLANG_WARN_DEPRECATED_OBJC_IMPLEMENTATIONS = YES;
				CLANG_WARN_DIRECT_OBJC_ISA_USAGE = YES_ERROR;
				CLANG_WARN_DOCUMENTATION_COMMENTS = YES;
				CLANG_WARN_EMPTY_BODY = YES;
				CLANG_WARN_ENUM_CONVERSION = YES;
				CLANG_WARN_INFINITE_RECURSION = YES;
				CLANG_WARN_INT_CONVERSION = YES;
				CLANG_WARN_NON_LITERAL_NULL_CONVERSION = YES;
				CLANG_WARN_OBJC_IMPLICIT_RETAIN_SELF = YES;
				CLANG_WARN_OBJC_LITERAL_CONVERSION = YES;
				CLANG_WARN_OBJC_ROOT_CLASS = YES_ERROR;
				CLANG_WARN_QUOTED_INCLUDE_IN_FRAMEWORK_HEADER = YES;
				CLANG_WARN_RANGE_LOOP_ANALYSIS = YES;
				CLANG_WARN_STRICT_PROTOTYPES = YES;
				CLANG_WARN_SUSPICIOUS_MOVE = YES;
				CLANG_WARN_UNGUARDED_AVAILABILITY = YES_AGGRESSIVE;
				CLANG_WARN_UNREACHABLE_CODE = YES;
				CLANG_WARN__DUPLICATE_METHOD_MATCH = YES;
				COPY_PHASE_STRIP = NO;
				DEBUG_INFORMATION_FORMAT = dwarf;
				ENABLE_STRICT_OBJC_MSGSEND = YES;
				ENABLE_TESTABILITY = YES;
				GCC_C_LANGUAGE_STANDARD = gnu11;
				GCC_DYNAMIC_NO_PIC = NO;
				GCC_NO_COMMON_BLOCKS = YES;
				GCC_OPTIMIZATION_LEVEL = 0;
				GCC_PREPROCESSOR_DEFINITIONS = (
					"DEBUG=1",
					"$(inherited)",
				);
				GCC_WARN_64_TO_32_BIT_CONVERSION = YES;
				GCC_WARN_ABOUT_RETURN_TYPE = YES_ERROR;
				GCC_WARN_UNDECLARED_SELECTOR = YES;
				GCC_WARN_UNINITIALIZED_AUTOS = YES_AGGRESSIVE;
				GCC_WARN_UNUSED_FUNCTION = YES;
				GCC_WARN_UNUSED_VARIABLE = YES;
				MTL_ENABLE_DEBUG_INFO = INCLUDE_SOURCE;
				MTL_FAST_MATH = YES;
				ONLY_ACTIVE_ARCH = YES;
				SWIFT_ACTIVE_COMPILATION_CONDITIONS = DEBUG;
				SWIFT_OPTIMIZATION_LEVEL = "-Onone";
			};
			name = Debug;
		};
		A3FD5B3E287289AC00227D1B /* Release */ = {
			isa = XCBuildConfiguration;
			buildSettings = {
				ALWAYS_SEARCH_USER_PATHS = NO;
				CLANG_ANALYZER_NONNULL = YES;
				CLANG_ANALYZER_NUMBER_OBJECT_CONVERSION = YES_AGGRESSIVE;
				CLANG_CXX_LANGUAGE_STANDARD = "gnu++17";
				CLANG_ENABLE_MODULES = YES;
				CLANG_ENABLE_OBJC_ARC = YES;
				CLANG_ENABLE_OBJC_WEAK = YES;
				CLANG_WARN_BLOCK_CAPTURE_AUTORELEASING = YES;
				CLANG_WARN_BOOL_CONVERSION = YES;
				CLANG_WARN_COMMA = YES;
				CLANG_WARN_CONSTANT_CONVERSION = YES;
				CLANG_WARN_DEPRECATED_OBJC_IMPLEMENTATIONS = YES;
				CLANG_WARN_DIRECT_OBJC_ISA_USAGE = YES_ERROR;
				CLANG_WARN_DOCUMENTATION_COMMENTS = YES;
				CLANG_WARN_EMPTY_BODY = YES;
				CLANG_WARN_ENUM_CONVERSION = YES;
				CLANG_WARN_INFINITE_RECURSION = YES;
				CLANG_WARN_INT_CONVERSION = YES;
				CLANG_WARN_NON_LITERAL_NULL_CONVERSION = YES;
				CLANG_WARN_OBJC_IMPLICIT_RETAIN_SELF = YES;
				CLANG_WARN_OBJC_LITERAL_CONVERSION = YES;
				CLANG_WARN_OBJC_ROOT_CLASS = YES_ERROR;
				CLANG_WARN_QUOTED_INCLUDE_IN_FRAMEWORK_HEADER = YES;
				CLANG_WARN_RANGE_LOOP_ANALYSIS = YES;
				CLANG_WARN_STRICT_PROTOTYPES = YES;
				CLANG_WARN_SUSPICIOUS_MOVE = YES;
				CLANG_WARN_UNGUARDED_AVAILABILITY = YES_AGGRESSIVE;
				CLANG_WARN_UNREACHABLE_CODE = YES;
				CLANG_WARN__DUPLICATE_METHOD_MATCH = YES;
				COPY_PHASE_STRIP = NO;
				DEBUG_INFORMATION_FORMAT = "dwarf-with-dsym";
				ENABLE_NS_ASSERTIONS = NO;
				ENABLE_STRICT_OBJC_MSGSEND = YES;
				GCC_C_LANGUAGE_STANDARD = gnu11;
				GCC_NO_COMMON_BLOCKS = YES;
				GCC_WARN_64_TO_32_BIT_CONVERSION = YES;
				GCC_WARN_ABOUT_RETURN_TYPE = YES_ERROR;
				GCC_WARN_UNDECLARED_SELECTOR = YES;
				GCC_WARN_UNINITIALIZED_AUTOS = YES_AGGRESSIVE;
				GCC_WARN_UNUSED_FUNCTION = YES;
				GCC_WARN_UNUSED_VARIABLE = YES;
				MTL_ENABLE_DEBUG_INFO = NO;
				MTL_FAST_MATH = YES;
				SWIFT_COMPILATION_MODE = wholemodule;
				SWIFT_OPTIMIZATION_LEVEL = "-O";
			};
			name = Release;
		};
		A3FD5B40287289AC00227D1B /* Debug */ = {
			isa = XCBuildConfiguration;
			buildSettings = {
				ASSETCATALOG_COMPILER_APPICON_NAME = AppIcon;
				ASSETCATALOG_COMPILER_GLOBAL_ACCENT_COLOR_NAME = AccentColor;
				CODE_SIGN_STYLE = Automatic;
				CURRENT_PROJECT_VERSION = 1;
				DEVELOPMENT_TEAM = 9BYHJS9G56;
				ENABLE_PREVIEWS = YES;
				GENERATE_INFOPLIST_FILE = YES;
				INFOPLIST_KEY_UIApplicationSceneManifest_Generation = YES;
				INFOPLIST_KEY_UIApplicationSupportsIndirectInputEvents = YES;
				INFOPLIST_KEY_UILaunchScreen_Generation = YES;
				INFOPLIST_KEY_UISupportedInterfaceOrientations_iPad = "UIInterfaceOrientationPortrait UIInterfaceOrientationPortraitUpsideDown UIInterfaceOrientationLandscapeLeft UIInterfaceOrientationLandscapeRight";
				INFOPLIST_KEY_UISupportedInterfaceOrientations_iPhone = "UIInterfaceOrientationPortrait UIInterfaceOrientationLandscapeLeft UIInterfaceOrientationLandscapeRight";
				IPHONEOS_DEPLOYMENT_TARGET = 15.5;
				LD_RUNPATH_SEARCH_PATHS = (
					"$(inherited)",
					"@executable_path/Frameworks",
				);
				MARKETING_VERSION = 1.0;
				PRODUCT_BUNDLE_IDENTIFIER = "com.mostafa-davoodi.NoteApp";
				PRODUCT_NAME = NoteApp;
				SDKROOT = iphoneos;
				SWIFT_EMIT_LOC_STRINGS = YES;
				SWIFT_VERSION = 5.0;
				TARGETED_DEVICE_FAMILY = "1,2";
			};
			name = Debug;
		};
		A3FD5B41287289AC00227D1B /* Release */ = {
			isa = XCBuildConfiguration;
			buildSettings = {
				ASSETCATALOG_COMPILER_APPICON_NAME = AppIcon;
				ASSETCATALOG_COMPILER_GLOBAL_ACCENT_COLOR_NAME = AccentColor;
				CODE_SIGN_STYLE = Automatic;
				CURRENT_PROJECT_VERSION = 1;
				DEVELOPMENT_TEAM = 9BYHJS9G56;
				ENABLE_PREVIEWS = YES;
				GENERATE_INFOPLIST_FILE = YES;
				INFOPLIST_KEY_UIApplicationSceneManifest_Generation = YES;
				INFOPLIST_KEY_UIApplicationSupportsIndirectInputEvents = YES;
				INFOPLIST_KEY_UILaunchScreen_Generation = YES;
				INFOPLIST_KEY_UISupportedInterfaceOrientations_iPad = "UIInterfaceOrientationPortrait UIInterfaceOrientationPortraitUpsideDown UIInterfaceOrientationLandscapeLeft UIInterfaceOrientationLandscapeRight";
				INFOPLIST_KEY_UISupportedInterfaceOrientations_iPhone = "UIInterfaceOrientationPortrait UIInterfaceOrientationLandscapeLeft UIInterfaceOrientationLandscapeRight";
				IPHONEOS_DEPLOYMENT_TARGET = 15.5;
				LD_RUNPATH_SEARCH_PATHS = (
					"$(inherited)",
					"@executable_path/Frameworks",
				);
				MARKETING_VERSION = 1.0;
				PRODUCT_BUNDLE_IDENTIFIER = "com.mostafa-davoodi.NoteApp";
				PRODUCT_NAME = NoteApp;
				SDKROOT = iphoneos;
				SWIFT_EMIT_LOC_STRINGS = YES;
				SWIFT_VERSION = 5.0;
				TARGETED_DEVICE_FAMILY = "1,2";
				VALIDATE_PRODUCT = YES;
			};
			name = Release;
		};
		A3FD5B43287289AC00227D1B /* Debug */ = {
			isa = XCBuildConfiguration;
			buildSettings = {
				ASSETCATALOG_COMPILER_APPICON_NAME = AppIcon;
				ASSETCATALOG_COMPILER_GLOBAL_ACCENT_COLOR_NAME = AccentColor;
				CODE_SIGN_ENTITLEMENTS = macOS/macOS.entitlements;
				CODE_SIGN_STYLE = Automatic;
				COMBINE_HIDPI_IMAGES = YES;
				CURRENT_PROJECT_VERSION = 1;
				DEVELOPMENT_TEAM = 9BYHJS9G56;
				ENABLE_HARDENED_RUNTIME = YES;
				ENABLE_PREVIEWS = YES;
				GENERATE_INFOPLIST_FILE = YES;
				INFOPLIST_KEY_NSHumanReadableCopyright = "";
				LD_RUNPATH_SEARCH_PATHS = (
					"$(inherited)",
					"@executable_path/../Frameworks",
				);
				MACOSX_DEPLOYMENT_TARGET = 12.3;
				MARKETING_VERSION = 1.0;
				PRODUCT_BUNDLE_IDENTIFIER = "com.mostafa-davoodi.NoteApp";
				PRODUCT_NAME = NoteApp;
				SDKROOT = macosx;
				SWIFT_EMIT_LOC_STRINGS = YES;
				SWIFT_VERSION = 5.0;
			};
			name = Debug;
		};
		A3FD5B44287289AC00227D1B /* Release */ = {
			isa = XCBuildConfiguration;
			buildSettings = {
				ASSETCATALOG_COMPILER_APPICON_NAME = AppIcon;
				ASSETCATALOG_COMPILER_GLOBAL_ACCENT_COLOR_NAME = AccentColor;
				CODE_SIGN_ENTITLEMENTS = macOS/macOS.entitlements;
				CODE_SIGN_STYLE = Automatic;
				COMBINE_HIDPI_IMAGES = YES;
				CURRENT_PROJECT_VERSION = 1;
				DEVELOPMENT_TEAM = 9BYHJS9G56;
				ENABLE_HARDENED_RUNTIME = YES;
				ENABLE_PREVIEWS = YES;
				GENERATE_INFOPLIST_FILE = YES;
				INFOPLIST_KEY_NSHumanReadableCopyright = "";
				LD_RUNPATH_SEARCH_PATHS = (
					"$(inherited)",
					"@executable_path/../Frameworks",
				);
				MACOSX_DEPLOYMENT_TARGET = 12.3;
				MARKETING_VERSION = 1.0;
				PRODUCT_BUNDLE_IDENTIFIER = "com.mostafa-davoodi.NoteApp";
				PRODUCT_NAME = NoteApp;
				SDKROOT = macosx;
				SWIFT_EMIT_LOC_STRINGS = YES;
				SWIFT_VERSION = 5.0;
			};
			name = Release;
		};
/* End XCBuildConfiguration section */

/* Begin XCConfigurationList section */
		A3FD5B25287289AB00227D1B /* Build configuration list for PBXProject "NoteApp" */ = {
			isa = XCConfigurationList;
			buildConfigurations = (
				A3FD5B3D287289AC00227D1B /* Debug */,
				A3FD5B3E287289AC00227D1B /* Release */,
			);
			defaultConfigurationIsVisible = 0;
			defaultConfigurationName = Release;
		};
		A3FD5B3F287289AC00227D1B /* Build configuration list for PBXNativeTarget "NoteApp (iOS)" */ = {
			isa = XCConfigurationList;
			buildConfigurations = (
				A3FD5B40287289AC00227D1B /* Debug */,
				A3FD5B41287289AC00227D1B /* Release */,
			);
			defaultConfigurationIsVisible = 0;
			defaultConfigurationName = Release;
		};
		A3FD5B42287289AC00227D1B /* Build configuration list for PBXNativeTarget "NoteApp (macOS)" */ = {
			isa = XCConfigurationList;
			buildConfigurations = (
				A3FD5B43287289AC00227D1B /* Debug */,
				A3FD5B44287289AC00227D1B /* Release */,
			);
			defaultConfigurationIsVisible = 0;
			defaultConfigurationName = Release;
		};
/* End XCConfigurationList section */
	};
	rootObject = A3FD5B22287289AB00227D1B /* Project object */;
}
